
Microsoft Visual Studio Solution File, Format Version 12.00
# Visual Studio Version 17
VisualStudioVersion = 17.7.34221.43
MinimumVisualStudioVersion = 10.0.40219.1
Project("{FAE04EC0-301F-11D3-BF4B-00C04F79EFBC}") = "back-end", "back-end.csproj", "{A36864E0-73C4-44E1-B3DA-0C5883BF8555}"
EndProject
Global
	GlobalSection(SolutionConfigurationPlatforms) = preSolution
		Debug|Any CPU = Debug|Any CPU
		Release|Any CPU = Release|Any CPU
	EndGlobalSection
	GlobalSection(ProjectConfigurationPlatforms) = postSolution
		{A36864E0-73C4-44E1-B3DA-0C5883BF8555}.Debug|Any CPU.ActiveCfg = Debug|Any CPU
		{A36864E0-73C4-44E1-B3DA-0C5883BF8555}.Debug|Any CPU.Build.0 = Debug|Any CPU
		{A36864E0-73C4-44E1-B3DA-0C5883BF8555}.Release|Any CPU.ActiveCfg = Release|Any CPU
		{A36864E0-73C4-44E1-B3DA-0C5883BF8555}.Release|Any CPU.Build.0 = Release|Any CPU
	EndGlobalSection
	GlobalSection(SolutionProperties) = preSolution
		HideSolutionNode = FALSE
	EndGlobalSection
	GlobalSection(ExtensibilityGlobals) = postSolution
		SolutionGuid = {337EBF7F-2C2C-4740-8D66-F4BEAF291FBB}
	EndGlobalSection
EndGlobal
